# THIS IS AN AUTOGENERATED FILE. DO NOT EDIT THIS FILE DIRECTLY.
# yarn lockfile v1


"@types/jquery@*":
  version "3.3.29"
  resolved "http://registry.npm.taobao.org/@types/jquery/download/@types/jquery-3.3.29.tgz#680a2219ce3c9250483722fccf5570d1e2d08abd"
  integrity sha1-aAoiGc48klBINyL8z1Vw0eLQir0=
  dependencies:
    "@types/sizzle" "*"

"@types/jqueryui@^1.12.7":
  version "1.12.7"
  resolved "http://registry.npm.taobao.org/@types/jqueryui/download/@types/jqueryui-1.12.7.tgz#81546a73d5460a27d972008a8bd1d73b0e275a48"
  integrity sha1-gVRqc9VGCifZcgCKi9HXOw4nWkg=
  dependencies:
    "@types/jquery" "*"

"@types/node@^11.13.4":
  version "11.13.4"
  resolved "http://registry.npm.taobao.org/@types/node/download/@types/node-11.13.4.tgz#f83ec3c3e05b174b7241fadeb6688267fe5b22ca"
  integrity sha1-+D7Dw+BbF0tyQfretmiCZ/5bIso=

"@types/sizzle@*":
  version "2.3.2"
  resolved "http://registry.npm.taobao.org/@types/sizzle/download/@types/sizzle-2.3.2.tgz#a811b8c18e2babab7d542b3365887ae2e4d9de47"
  integrity sha1-qBG4wY4rq6t9VCszZYh64uTZ3kc=

jquery-ui@^1.12.1:
  version "1.12.1"
  resolved "http://registry.npm.taobao.org/jquery-ui/download/jquery-ui-1.12.1.tgz#bcb4045c8dd0539c134bc1488cdd3e768a7a9e51"
  integrity sha1-vLQEXI3QU5wTS8FIjN0+dop6nlE=

jquery@^3.4.0:
  version "3.4.0"
  resolved "http://registry.npm.taobao.org/jquery/download/jquery-3.4.0.tgz#8de513fa0fa4b2c7d2e48a530e26f0596936efdf"
  integrity sha1-jeUT+g+kssfS5IpTDibwWWk2798=
