# THIS IS AN AUTOGENERATED FILE. DO NOT EDIT THIS FILE DIRECTLY.
# yarn lockfile v1


yl-page-watermark@^0.1.6:
  version "0.1.6"
  resolved "https://registry.npm.taobao.org/yl-page-watermark/download/yl-page-watermark-0.1.6.tgz#f40d3880ed3fac2e5381459b25d87e19c21a9889"
  integrity sha1-9A04gO0/rC5TgUWbJdh+GcIamIk=
